{
  "name": "dogecoin.com",
  "version": "1.0.0",
  "lockfileVersion": 3,
  "requires": true,
  "packages": {
    "": {
      "name": "dogecoin.com",
      "version": "1.0.0",
      "license": "MIT",
      "dependencies": {
        "rfs": "^9.0.6"
      }
    },
    "node_modules/postcss-value-parser": {
      "version": "4.2.0",
      "resolved": "https://registry.npmjs.org/postcss-value-parser/-/postcss-value-parser-4.2.0.tgz",
      "integrity": "sha512-1NNCs6uurfkVbeXG4S8JFT9t19m45ICnif8zWLd5oPSZ50QnwMfK+H3jv408d4jw/7Bttv5axS5IiHoLaVNHeQ=="
    },
    "node_modules/rfs": {
      "version": "9.0.6",
      "resolved": "https://registry.npmjs.org/rfs/-/rfs-9.0.6.tgz",
      "integrity": "sha512-KQ0EGVP4l3B3ynUZ1UNX3UoRAeswiX+ljGRcT+MoJKXRwXSUFpVZIPsqurH9pmY/AOGBFq7KKBq9fhRCkkg+SQ==",
      "dependencies": {
        "postcss-value-parser": "^4.1.0"
      },
      "engines": {
        "node": ">=8"
      }
    }
  }
}
